
Microsoft Visual Studio Solution File, Format Version 12.00
# Visual Studio Version 17
VisualStudioVersion = 17.11.35327.3
MinimumVisualStudioVersion = 10.0.40219.1
Project("{9A19103F-16F7-4668-BE54-9A1E7A4F7556}") = "Aleepartners.CarFleetManagement", "Aleepartners.CarFleetManagement\Aleepartners.CarFleetManagement.csproj", "{DA294075-9D59-4556-AF9B-80BC4BA5840B}"
EndProject
Project("{FAE04EC0-301F-11D3-BF4B-00C04F79EFBC}") = "Aleepartners.CarFleetManagement.Tests", "..\Aleepartners.CarFleetManagement.Tests\Aleepartners.CarFleetManagement.Tests.csproj", "{6A824DE1-F42B-4828-998D-3D90EC3599AE}"
EndProject
Global
	GlobalSection(SolutionConfigurationPlatforms) = preSolution
		Debug|Any CPU = Debug|Any CPU
		Release|Any CPU = Release|Any CPU
	EndGlobalSection
	GlobalSection(ProjectConfigurationPlatforms) = postSolution
		{DA294075-9D59-4556-AF9B-80BC4BA5840B}.Debug|Any CPU.ActiveCfg = Debug|Any CPU
		{DA294075-9D59-4556-AF9B-80BC4BA5840B}.Debug|Any CPU.Build.0 = Debug|Any CPU
		{DA294075-9D59-4556-AF9B-80BC4BA5840B}.Release|Any CPU.ActiveCfg = Release|Any CPU
		{DA294075-9D59-4556-AF9B-80BC4BA5840B}.Release|Any CPU.Build.0 = Release|Any CPU
		{6A824DE1-F42B-4828-998D-3D90EC3599AE}.Debug|Any CPU.ActiveCfg = Debug|Any CPU
		{6A824DE1-F42B-4828-998D-3D90EC3599AE}.Debug|Any CPU.Build.0 = Debug|Any CPU
		{6A824DE1-F42B-4828-998D-3D90EC3599AE}.Release|Any CPU.ActiveCfg = Release|Any CPU
		{6A824DE1-F42B-4828-998D-3D90EC3599AE}.Release|Any CPU.Build.0 = Release|Any CPU
	EndGlobalSection
	GlobalSection(SolutionProperties) = preSolution
		HideSolutionNode = FALSE
	EndGlobalSection
	GlobalSection(ExtensibilityGlobals) = postSolution
		SolutionGuid = {8A75B6C1-7935-42D7-A424-522BA65DEEC4}
	EndGlobalSection
EndGlobal
